// !$*UTF8*$!
{
	archiveVersion = 1;
	classes = {
	};
	objectVersion = 46;
	objects = {

/* Begin PBXBuildFile section */
		654287081CA7089700726179 /* MainViewController.m in Sources */ = {isa = PBXBuildFile; fileRef = 654287071CA7089700726179 /* MainViewController.m */; };
		6542870C1CA7094900726179 /* Acronym.m in Sources */ = {isa = PBXBuildFile; fileRef = 6542870B1CA7094900726179 /* Acronym.m */; };
		654287101CA70CD400726179 /* SearchManager.m in Sources */ = {isa = PBXBuildFile; fileRef = 6542870F1CA70CD400726179 /* SearchManager.m */; };
		65C99ABA1CA705ED00756ADA /* main.m in Sources */ = {isa = PBXBuildFile; fileRef = 65C99AB91CA705ED00756ADA /* main.m */; };
		65C99ABD1CA705ED00756ADA /* AppDelegate.m in Sources */ = {isa = PBXBuildFile; fileRef = 65C99ABC1CA705ED00756ADA /* AppDelegate.m */; };
		65C99AC31CA705ED00756ADA /* Main.storyboard in Resources */ = {isa = PBXBuildFile; fileRef = 65C99AC11CA705ED00756ADA /* Main.storyboard */; };
		65C99AC51CA705ED00756ADA /* Assets.xcassets in Resources */ = {isa = PBXBuildFile; fileRef = 65C99AC41CA705ED00756ADA /* Assets.xcassets */; };
		65C99AC81CA705ED00756ADA /* LaunchScreen.storyboard in Resources */ = {isa = PBXBuildFile; fileRef = 65C99AC61CA705ED00756ADA /* LaunchScreen.storyboard */; };
		65C99AD31CA705ED00756ADA /* AcronymsExplorerTests.m in Sources */ = {isa = PBXBuildFile; fileRef = 65C99AD21CA705ED00756ADA /* AcronymsExplorerTests.m */; };
		AF9E78542A655F97660FF5FD /* libPods-AcronymsExplorer.a in Frameworks */ = {isa = PBXBuildFile; fileRef = A45FEA688ECEE72B17AA6D9F /* libPods-AcronymsExplorer.a */; };
/* End PBXBuildFile section */

/* Begin PBXContainerItemProxy section */
		65C99ACF1CA705ED00756ADA /* PBXContainerItemProxy */ = {
			isa = PBXContainerItemProxy;
			containerPortal = 65C99AAD1CA705ED00756ADA /* Project object */;
			proxyType = 1;
			remoteGlobalIDString = 65C99AB41CA705ED00756ADA;
			remoteInfo = AcronymsExplorer;
		};
/* End PBXContainerItemProxy section */

/* Begin PBXFileReference section */
		654287061CA7089700726179 /* MainViewController.h */ = {isa = PBXFileReference; fileEncoding = 4; lastKnownFileType = sourcecode.c.h; path = MainViewController.h; sourceTree = "<group>"; };
		654287071CA7089700726179 /* MainViewController.m */ = {isa = PBXFileReference; fileEncoding = 4; lastKnownFileType = sourcecode.c.objc; path = MainViewController.m; sourceTree = "<group>"; };
		6542870A1CA7094900726179 /* Acronym.h */ = {isa = PBXFileReference; fileEncoding = 4; lastKnownFileType = sourcecode.c.h; path = Acronym.h; sourceTree = "<group>"; };
		6542870B1CA7094900726179 /* Acronym.m */ = {isa = PBXFileReference; fileEncoding = 4; lastKnownFileType = sourcecode.c.objc; path = Acronym.m; sourceTree = "<group>"; };
		6542870E1CA70CD400726179 /* SearchManager.h */ = {isa = PBXFileReference; fileEncoding = 4; lastKnownFileType = sourcecode.c.h; path = SearchManager.h; sourceTree = "<group>"; };
		6542870F1CA70CD400726179 /* SearchManager.m */ = {isa = PBXFileReference; fileEncoding = 4; lastKnownFileType = sourcecode.c.objc; path = SearchManager.m; sourceTree = "<group>"; };
		65C99AB51CA705ED00756ADA /* AcronymsExplorer.app */ = {isa = PBXFileReference; explicitFileType = wrapper.application; includeInIndex = 0; path = AcronymsExplorer.app; sourceTree = BUILT_PRODUCTS_DIR; };
		65C99AB91CA705ED00756ADA /* main.m */ = {isa = PBXFileReference; lastKnownFileType = sourcecode.c.objc; path = main.m; sourceTree = "<group>"; };
		65C99ABB1CA705ED00756ADA /* AppDelegate.h */ = {isa = PBXFileReference; lastKnownFileType = sourcecode.c.h; path = AppDelegate.h; sourceTree = "<group>"; };
		65C99ABC1CA705ED00756ADA /* AppDelegate.m */ = {isa = PBXFileReference; lastKnownFileType = sourcecode.c.objc; path = AppDelegate.m; sourceTree = "<group>"; };
		65C99AC21CA705ED00756ADA /* Base */ = {isa = PBXFileReference; lastKnownFileType = file.storyboard; name = Base; path = Base.lproj/Main.storyboard; sourceTree = "<group>"; };
		65C99AC41CA705ED00756ADA /* Assets.xcassets */ = {isa = PBXFileReference; lastKnownFileType = folder.assetcatalog; path = Assets.xcassets; sourceTree = "<group>"; };
		65C99AC71CA705ED00756ADA /* Base */ = {isa = PBXFileReference; lastKnownFileType = file.storyboard; name = Base; path = Base.lproj/LaunchScreen.storyboard; sourceTree = "<group>"; };
		65C99AC91CA705ED00756ADA /* Info.plist */ = {isa = PBXFileReference; lastKnownFileType = text.plist.xml; path = Info.plist; sourceTree = "<group>"; };
		65C99ACE1CA705ED00756ADA /* AcronymsExplorerTests.xctest */ = {isa = PBXFileReference; explicitFileType = wrapper.cfbundle; includeInIndex = 0; path = AcronymsExplorerTests.xctest; sourceTree = BUILT_PRODUCTS_DIR; };
		65C99AD21CA705ED00756ADA /* AcronymsExplorerTests.m */ = {isa = PBXFileReference; lastKnownFileType = sourcecode.c.objc; path = AcronymsExplorerTests.m; sourceTree = "<group>"; };
		65C99AD41CA705ED00756ADA /* Info.plist */ = {isa = PBXFileReference; lastKnownFileType = text.plist.xml; path = Info.plist; sourceTree = "<group>"; };
		A45FEA688ECEE72B17AA6D9F /* libPods-AcronymsExplorer.a */ = {isa = PBXFileReference; explicitFileType = archive.ar; includeInIndex = 0; path = "libPods-AcronymsExplorer.a"; sourceTree = BUILT_PRODUCTS_DIR; };
		D63D1121063CAF2607807222 /* Pods-AcronymsExplorer.debug.xcconfig */ = {isa = PBXFileReference; includeInIndex = 1; lastKnownFileType = text.xcconfig; name = "Pods-AcronymsExplorer.debug.xcconfig"; path = "Pods/Target Support Files/Pods-AcronymsExplorer/Pods-AcronymsExplorer.debug.xcconfig"; sourceTree = "<group>"; };
		F00FADAE59FE3A261838B285 /* Pods-AcronymsExplorer.release.xcconfig */ = {isa = PBXFileReference; includeInIndex = 1; lastKnownFileType = text.xcconfig; name = "Pods-AcronymsExplorer.release.xcconfig"; path = "Pods/Target Support Files/Pods-AcronymsExplorer/Pods-AcronymsExplorer.release.xcconfig"; sourceTree = "<group>"; };
/* End PBXFileReference section */

/* Begin PBXFrameworksBuildPhase section */
		65C99AB21CA705ED00756ADA /* Frameworks */ = {
			isa = PBXFrameworksBuildPhase;
			buildActionMask = 2147483647;
			files = (
				AF9E78542A655F97660FF5FD /* libPods-AcronymsExplorer.a in Frameworks */,
			);
			runOnlyForDeploymentPostprocessing = 0;
		};
		65C99ACB1CA705ED00756ADA /* Frameworks */ = {
			isa = PBXFrameworksBuildPhase;
			buildActionMask = 2147483647;
			files = (
			);
			runOnlyForDeploymentPostprocessing = 0;
		};
/* End PBXFrameworksBuildPhase section */

/* Begin PBXGroup section */
		1EEC4044674D441988F8A78B /* Pods */ = {
			isa = PBXGroup;
			children = (
				D63D1121063CAF2607807222 /* Pods-AcronymsExplorer.debug.xcconfig */,
				F00FADAE59FE3A261838B285 /* Pods-AcronymsExplorer.release.xcconfig */,
			);
			name = Pods;
			sourceTree = "<group>";
		};
		64CDA300429F1DDDB7C34AB6 /* Frameworks */ = {
			isa = PBXGroup;
			children = (
				A45FEA688ECEE72B17AA6D9F /* libPods-AcronymsExplorer.a */,
			);
			name = Frameworks;
			sourceTree = "<group>";
		};
		654287091CA7093500726179 /* Model */ = {
			isa = PBXGroup;
			children = (
				6542870A1CA7094900726179 /* Acronym.h */,
				6542870B1CA7094900726179 /* Acronym.m */,
			);
			name = Model;
			sourceTree = "<group>";
		};
		6542870D1CA70CAE00726179 /* Utils */ = {
			isa = PBXGroup;
			children = (
				6542870E1CA70CD400726179 /* SearchManager.h */,
				6542870F1CA70CD400726179 /* SearchManager.m */,
			);
			name = Utils;
			sourceTree = "<group>";
		};
		65C99AAC1CA705ED00756ADA = {
			isa = PBXGroup;
			children = (
				65C99AB71CA705ED00756ADA /* AcronymsExplorer */,
				65C99AD11CA705ED00756ADA /* AcronymsExplorerTests */,
				65C99AB61CA705ED00756ADA /* Products */,
				1EEC4044674D441988F8A78B /* Pods */,
				64CDA300429F1DDDB7C34AB6 /* Frameworks */,
			);
			sourceTree = "<group>";
		};
		65C99AB61CA705ED00756ADA /* Products */ = {
			isa = PBXGroup;
			children = (
				65C99AB51CA705ED00756ADA /* AcronymsExplorer.app */,
				65C99ACE1CA705ED00756ADA /* AcronymsExplorerTests.xctest */,
			);
			name = Products;
			sourceTree = "<group>";
		};
		65C99AB71CA705ED00756ADA /* AcronymsExplorer */ = {
			isa = PBXGroup;
			children = (
				654287091CA7093500726179 /* Model */,
				6542870D1CA70CAE00726179 /* Utils */,
				65C99ABB1CA705ED00756ADA /* AppDelegate.h */,
				65C99ABC1CA705ED00756ADA /* AppDelegate.m */,
				65C99AC11CA705ED00756ADA /* Main.storyboard */,
				65C99AC41CA705ED00756ADA /* Assets.xcassets */,
				65C99AC61CA705ED00756ADA /* LaunchScreen.storyboard */,
				65C99AC91CA705ED00756ADA /* Info.plist */,
				65C99AB81CA705ED00756ADA /* Supporting Files */,
				654287061CA7089700726179 /* MainViewController.h */,
				654287071CA7089700726179 /* MainViewController.m */,
			);
			path = AcronymsExplorer;
			sourceTree = "<group>";
		};
		65C99AB81CA705ED00756ADA /* Supporting Files */ = {
			isa = PBXGroup;
			children = (
				65C99AB91CA705ED00756ADA /* main.m */,
			);
			name = "Supporting Files";
			sourceTree = "<group>";
		};
		65C99AD11CA705ED00756ADA /* AcronymsExplorerTests */ = {
			isa = PBXGroup;
			children = (
				65C99AD21CA705ED00756ADA /* AcronymsExplorerTests.m */,
				65C99AD41CA705ED00756ADA /* Info.plist */,
			);
			path = AcronymsExplorerTests;
			sourceTree = "<group>";
		};
/* End PBXGroup section */

/* Begin PBXNativeTarget section */
		65C99AB41CA705ED00756ADA /* AcronymsExplorer */ = {
			isa = PBXNativeTarget;
			buildConfigurationList = 65C99AD71CA705ED00756ADA /* Build configuration list for PBXNativeTarget "AcronymsExplorer" */;
			buildPhases = (
				FD5CD5B3609FE50E213B2B3C /* Check Pods Manifest.lock */,
				65C99AB11CA705ED00756ADA /* Sources */,
				65C99AB21CA705ED00756ADA /* Frameworks */,
				65C99AB31CA705ED00756ADA /* Resources */,
				7DF59C7B704AE1E345AD6D3F /* Embed Pods Frameworks */,
				A70C6D9ED006AD7E7F8FBA2A /* Copy Pods Resources */,
			);
			buildRules = (
			);
			dependencies = (
			);
			name = AcronymsExplorer;
			productName = AcronymsExplorer;
			productReference = 65C99AB51CA705ED00756ADA /* AcronymsExplorer.app */;
			productType = "com.apple.product-type.application";
		};
		65C99ACD1CA705ED00756ADA /* AcronymsExplorerTests */ = {
			isa = PBXNativeTarget;
			buildConfigurationList = 65C99ADA1CA705ED00756ADA /* Build configuration list for PBXNativeTarget "AcronymsExplorerTests" */;
			buildPhases = (
				65C99ACA1CA705ED00756ADA /* Sources */,
				65C99ACB1CA705ED00756ADA /* Frameworks */,
				65C99ACC1CA705ED00756ADA /* Resources */,
			);
			buildRules = (
			);
			dependencies = (
				65C99AD01CA705ED00756ADA /* PBXTargetDependency */,
			);
			name = AcronymsExplorerTests;
			productName = AcronymsExplorerTests;
			productReference = 65C99ACE1CA705ED00756ADA /* AcronymsExplorerTests.xctest */;
			productType = "com.apple.product-type.bundle.unit-test";
		};
/* End PBXNativeTarget section */

/* Begin PBXProject section */
		65C99AAD1CA705ED00756ADA /* Project object */ = {
			isa = PBXProject;
			attributes = {
				LastUpgradeCheck = 0730;
				ORGANIZATIONNAME = AGF;
				TargetAttributes = {
					65C99AB41CA705ED00756ADA = {
						CreatedOnToolsVersion = 7.3;
					};
					65C99ACD1CA705ED00756ADA = {
						CreatedOnToolsVersion = 7.3;
						TestTargetID = 65C99AB41CA705ED00756ADA;
					};
				};
			};
			buildConfigurationList = 65C99AB01CA705ED00756ADA /* Build configuration list for PBXProject "AcronymsExplorer" */;
			compatibilityVersion = "Xcode 3.2";
			developmentRegion = English;
			hasScannedForEncodings = 0;
			knownRegions = (
				en,
				Base,
			);
			mainGroup = 65C99AAC1CA705ED00756ADA;
			productRefGroup = 65C99AB61CA705ED00756ADA /* Products */;
			projectDirPath = "";
			projectRoot = "";
			targets = (
				65C99AB41CA705ED00756ADA /* AcronymsExplorer */,
				65C99ACD1CA705ED00756ADA /* AcronymsExplorerTests */,
			);
		};
/* End PBXProject section */

/* Begin PBXResourcesBuildPhase section */
		65C99AB31CA705ED00756ADA /* Resources */ = {
			isa = PBXResourcesBuildPhase;
			buildActionMask = 2147483647;
			files = (
				65C99AC81CA705ED00756ADA /* LaunchScreen.storyboard in Resources */,
				65C99AC51CA705ED00756ADA /* Assets.xcassets in Resources */,
				65C99AC31CA705ED00756ADA /* Main.storyboard in Resources */,
			);
			runOnlyForDeploymentPostprocessing = 0;
		};
		65C99ACC1CA705ED00756ADA /* Resources */ = {
			isa = PBXResourcesBuildPhase;
			buildActionMask = 2147483647;
			files = (
			);
			runOnlyForDeploymentPostprocessing = 0;
		};
/* End PBXResourcesBuildPhase section */

/* Begin PBXShellScriptBuildPhase section */
		7DF59C7B704AE1E345AD6D3F /* Embed Pods Frameworks */ = {
			isa = PBXShellScriptBuildPhase;
			buildActionMask = 2147483647;
			files = (
			);
			inputPaths = (
			);
			name = "Embed Pods Frameworks";
			outputPaths = (
			);
			runOnlyForDeploymentPostprocessing = 0;
			shellPath = /bin/sh;
			shellScript = "\"${SRCROOT}/Pods/Target Support Files/Pods-AcronymsExplorer/Pods-AcronymsExplorer-frameworks.sh\"\n";
			showEnvVarsInLog = 0;
		};
		A70C6D9ED006AD7E7F8FBA2A /* Copy Pods Resources */ = {
			isa = PBXShellScriptBuildPhase;
			buildActionMask = 2147483647;
			files = (
			);
			inputPaths = (
			);
			name = "Copy Pods Resources";
			outputPaths = (
			);
			runOnlyForDeploymentPostprocessing = 0;
			shellPath = /bin/sh;
			shellScript = "\"${SRCROOT}/Pods/Target Support Files/Pods-AcronymsExplorer/Pods-AcronymsExplorer-resources.sh\"\n";
			showEnvVarsInLog = 0;
		};
		FD5CD5B3609FE50E213B2B3C /* Check Pods Manifest.lock */ = {
			isa = PBXShellScriptBuildPhase;
			buildActionMask = 2147483647;
			files = (
			);
			inputPaths = (
			);
			name = "Check Pods Manifest.lock";
			outputPaths = (
			);
			runOnlyForDeploymentPostprocessing = 0;
			shellPath = /bin/sh;
			shellScript = "diff \"${PODS_ROOT}/../Podfile.lock\" \"${PODS_ROOT}/Manifest.lock\" > /dev/null\nif [[ $? != 0 ]] ; then\n    cat << EOM\nerror: The sandbox is not in sync with the Podfile.lock. Run 'pod install' or update your CocoaPods installation.\nEOM\n    exit 1\nfi\n";
			showEnvVarsInLog = 0;
		};
/* End PBXShellScriptBuildPhase section */

/* Begin PBXSourcesBuildPhase section */
		65C99AB11CA705ED00756ADA /* Sources */ = {
			isa = PBXSourcesBuildPhase;
			buildActionMask = 2147483647;
			files = (
				65C99ABD1CA705ED00756ADA /* AppDelegate.m in Sources */,
				6542870C1CA7094900726179 /* Acronym.m in Sources */,
				654287081CA7089700726179 /* MainViewController.m in Sources */,
				654287101CA70CD400726179 /* SearchManager.m in Sources */,
				65C99ABA1CA705ED00756ADA /* main.m in Sources */,
			);
			runOnlyForDeploymentPostprocessing = 0;
		};
		65C99ACA1CA705ED00756ADA /* Sources */ = {
			isa = PBXSourcesBuildPhase;
			buildActionMask = 2147483647;
			files = (
				65C99AD31CA705ED00756ADA /* AcronymsExplorerTests.m in Sources */,
			);
			runOnlyForDeploymentPostprocessing = 0;
		};
/* End PBXSourcesBuildPhase section */

/* Begin PBXTargetDependency section */
		65C99AD01CA705ED00756ADA /* PBXTargetDependency */ = {
			isa = PBXTargetDependency;
			target = 65C99AB41CA705ED00756ADA /* AcronymsExplorer */;
			targetProxy = 65C99ACF1CA705ED00756ADA /* PBXContainerItemProxy */;
		};
/* End PBXTargetDependency section */

/* Begin PBXVariantGroup section */
		65C99AC11CA705ED00756ADA /* Main.storyboard */ = {
			isa = PBXVariantGroup;
			children = (
				65C99AC21CA705ED00756ADA /* Base */,
			);
			name = Main.storyboard;
			sourceTree = "<group>";
		};
		65C99AC61CA705ED00756ADA /* LaunchScreen.storyboard */ = {
			isa = PBXVariantGroup;
			children = (
				65C99AC71CA705ED00756ADA /* Base */,
			);
			name = LaunchScreen.storyboard;
			sourceTree = "<group>";
		};
/* End PBXVariantGroup section */

/* Begin XCBuildConfiguration section */
		65C99AD51CA705ED00756ADA /* Debug */ = {
			isa = XCBuildConfiguration;
			buildSettings = {
				ALWAYS_SEARCH_USER_PATHS = NO;
				CLANG_ANALYZER_NONNULL = YES;
				CLANG_CXX_LANGUAGE_STANDARD = "gnu++0x";
				CLANG_CXX_LIBRARY = "libc++";
				CLANG_ENABLE_MODULES = YES;
				CLANG_ENABLE_OBJC_ARC = YES;
				CLANG_WARN_BOOL_CONVERSION = YES;
				CLANG_WARN_CONSTANT_CONVERSION = YES;
				CLANG_WARN_DIRECT_OBJC_ISA_USAGE = YES_ERROR;
				CLANG_WARN_EMPTY_BODY = YES;
				CLANG_WARN_ENUM_CONVERSION = YES;
				CLANG_WARN_INT_CONVERSION = YES;
				CLANG_WARN_OBJC_ROOT_CLASS = YES_ERROR;
				CLANG_WARN_UNREACHABLE_CODE = YES;
				CLANG_WARN__DUPLICATE_METHOD_MATCH = YES;
				"CODE_SIGN_IDENTITY[sdk=iphoneos*]" = "iPhone Developer";
				COPY_PHASE_STRIP = NO;
				DEBUG_INFORMATION_FORMAT = dwarf;
				ENABLE_STRICT_OBJC_MSGSEND = YES;
				ENABLE_TESTABILITY = YES;
				GCC_C_LANGUAGE_STANDARD = gnu99;
				GCC_DYNAMIC_NO_PIC = NO;
				GCC_NO_COMMON_BLOCKS = YES;
				GCC_OPTIMIZATION_LEVEL = 0;
				GCC_PREPROCESSOR_DEFINITIONS = (
					"DEBUG=1",
					"$(inherited)",
				);
				GCC_WARN_64_TO_32_BIT_CONVERSION = YES;
				GCC_WARN_ABOUT_RETURN_TYPE = YES_ERROR;
				GCC_WARN_UNDECLARED_SELECTOR = YES;
				GCC_WARN_UNINITIALIZED_AUTOS = YES_AGGRESSIVE;
				GCC_WARN_UNUSED_FUNCTION = YES;
				GCC_WARN_UNUSED_VARIABLE = YES;
				IPHONEOS_DEPLOYMENT_TARGET = 9.3;
				MTL_ENABLE_DEBUG_INFO = YES;
				ONLY_ACTIVE_ARCH = YES;
				SDKROOT = iphoneos;
				TARGETED_DEVICE_FAMILY = "1,2";
			};
			name = Debug;
		};
		65C99AD61CA705ED00756ADA /* Release */ = {
			isa = XCBuildConfiguration;
			buildSettings = {
				ALWAYS_SEARCH_USER_PATHS = NO;
				CLANG_ANALYZER_NONNULL = YES;
				CLANG_CXX_LANGUAGE_STANDARD = "gnu++0x";
				CLANG_CXX_LIBRARY = "libc++";
				CLANG_ENABLE_MODULES = YES;
				CLANG_ENABLE_OBJC_ARC = YES;
				CLANG_WARN_BOOL_CONVERSION = YES;
				CLANG_WARN_CONSTANT_CONVERSION = YES;
				CLANG_WARN_DIRECT_OBJC_ISA_USAGE = YES_ERROR;
				CLANG_WARN_EMPTY_BODY = YES;
				CLANG_WARN_ENUM_CONVERSION = YES;
				CLANG_WARN_INT_CONVERSION = YES;
				CLANG_WARN_OBJC_ROOT_CLASS = YES_ERROR;
				CLANG_WARN_UNREACHABLE_CODE = YES;
				CLANG_WARN__DUPLICATE_METHOD_MATCH = YES;
				"CODE_SIGN_IDENTITY[sdk=iphoneos*]" = "iPhone Developer";
				COPY_PHASE_STRIP = NO;
				DEBUG_INFORMATION_FORMAT = "dwarf-with-dsym";
				ENABLE_NS_ASSERTIONS = NO;
				ENABLE_STRICT_OBJC_MSGSEND = YES;
				GCC_C_LANGUAGE_STANDARD = gnu99;
				GCC_NO_COMMON_BLOCKS = YES;
				GCC_WARN_64_TO_32_BIT_CONVERSION = YES;
				GCC_WARN_ABOUT_RETURN_TYPE = YES_ERROR;
				GCC_WARN_UNDECLARED_SELECTOR = YES;
				GCC_WARN_UNINITIALIZED_AUTOS = YES_AGGRESSIVE;
				GCC_WARN_UNUSED_FUNCTION = YES;
				GCC_WARN_UNUSED_VARIABLE = YES;
				IPHONEOS_DEPLOYMENT_TARGET = 9.3;
				MTL_ENABLE_DEBUG_INFO = NO;
				SDKROOT = iphoneos;
				TARGETED_DEVICE_FAMILY = "1,2";
				VALIDATE_PRODUCT = YES;
			};
			name = Release;
		};
		65C99AD81CA705ED00756ADA /* Debug */ = {
			isa = XCBuildConfiguration;
			baseConfigurationReference = D63D1121063CAF2607807222 /* Pods-AcronymsExplorer.debug.xcconfig */;
			buildSettings = {
				ASSETCATALOG_COMPILER_APPICON_NAME = AppIcon;
				INFOPLIST_FILE = AcronymsExplorer/Info.plist;
				LD_RUNPATH_SEARCH_PATHS = "$(inherited) @executable_path/Frameworks";
				PRODUCT_BUNDLE_IDENTIFIER = AGF.AcronymsExplorer;
				PRODUCT_NAME = "$(TARGET_NAME)";
			};
			name = Debug;
		};
		65C99AD91CA705ED00756ADA /* Release */ = {
			isa = XCBuildConfiguration;
			baseConfigurationReference = F00FADAE59FE3A261838B285 /* Pods-AcronymsExplorer.release.xcconfig */;
			buildSettings = {
				ASSETCATALOG_COMPILER_APPICON_NAME = AppIcon;
				INFOPLIST_FILE = AcronymsExplorer/Info.plist;
				LD_RUNPATH_SEARCH_PATHS = "$(inherited) @executable_path/Frameworks";
				PRODUCT_BUNDLE_IDENTIFIER = AGF.AcronymsExplorer;
				PRODUCT_NAME = "$(TARGET_NAME)";
			};
			name = Release;
		};
		65C99ADB1CA705ED00756ADA /* Debug */ = {
			isa = XCBuildConfiguration;
			buildSettings = {
				BUNDLE_LOADER = "$(TEST_HOST)";
				INFOPLIST_FILE = AcronymsExplorerTests/Info.plist;
				LD_RUNPATH_SEARCH_PATHS = "$(inherited) @executable_path/Frameworks @loader_path/Frameworks";
				PRODUCT_BUNDLE_IDENTIFIER = AGF.AcronymsExplorerTests;
				PRODUCT_NAME = "$(TARGET_NAME)";
				TEST_HOST = "$(BUILT_PRODUCTS_DIR)/AcronymsExplorer.app/AcronymsExplorer";
			};
			name = Debug;
		};
		65C99ADC1CA705ED00756ADA /* Release */ = {
			isa = XCBuildConfiguration;
			buildSettings = {
				BUNDLE_LOADER = "$(TEST_HOST)";
				INFOPLIST_FILE = AcronymsExplorerTests/Info.plist;
				LD_RUNPATH_SEARCH_PATHS = "$(inherited) @executable_path/Frameworks @loader_path/Frameworks";
				PRODUCT_BUNDLE_IDENTIFIER = AGF.AcronymsExplorerTests;
				PRODUCT_NAME = "$(TARGET_NAME)";
				TEST_HOST = "$(BUILT_PRODUCTS_DIR)/AcronymsExplorer.app/AcronymsExplorer";
			};
			name = Release;
		};
/* End XCBuildConfiguration section */

/* Begin XCConfigurationList section */
		65C99AB01CA705ED00756ADA /* Build configuration list for PBXProject "AcronymsExplorer" */ = {
			isa = XCConfigurationList;
			buildConfigurations = (
				65C99AD51CA705ED00756ADA /* Debug */,
				65C99AD61CA705ED00756ADA /* Release */,
			);
			defaultConfigurationIsVisible = 0;
			defaultConfigurationName = Release;
		};
		65C99AD71CA705ED00756ADA /* Build configuration list for PBXNativeTarget "AcronymsExplorer" */ = {
			isa = XCConfigurationList;
			buildConfigurations = (
				65C99AD81CA705ED00756ADA /* Debug */,
				65C99AD91CA705ED00756ADA /* Release */,
			);
			defaultConfigurationIsVisible = 0;
			defaultConfigurationName = Release;
		};
		65C99ADA1CA705ED00756ADA /* Build configuration list for PBXNativeTarget "AcronymsExplorerTests" */ = {
			isa = XCConfigurationList;
			buildConfigurations = (
				65C99ADB1CA705ED00756ADA /* Debug */,
				65C99ADC1CA705ED00756ADA /* Release */,
			);
			defaultConfigurationIsVisible = 0;
			defaultConfigurationName = Release;
		};
/* End XCConfigurationList section */
	};
	rootObject = 65C99AAD1CA705ED00756ADA /* Project object */;
}
